// !$*UTF8*$!
{
	archiveVersion = 1;
	classes = {
	};
	objectVersion = 50;
	objects = {

/* Begin PBXBuildFile section */
		540A649C22EE78B200470937 /* GenerateThumbnailForURL.c in Sources */ = {isa = PBXBuildFile; fileRef = 540A649B22EE78B200470937 /* GenerateThumbnailForURL.c */; };
		540A649E22EE78B200470937 /* GeneratePreviewForURL.c in Sources */ = {isa = PBXBuildFile; fileRef = 540A649D22EE78B200470937 /* GeneratePreviewForURL.c */; };
		540A64A022EE78B200470937 /* main.c in Sources */ = {isa = PBXBuildFile; fileRef = 540A649F22EE78B200470937 /* main.c */; };
		541EF8B322EEFBEA00C415AA /* style.css in Resources */ = {isa = PBXBuildFile; fileRef = 541EF8B122EEFB2300C415AA /* style.css */; };
		54BFFC1123D09E7300012FBB /* opml-lib.h in Headers */ = {isa = PBXBuildFile; fileRef = 54BFFC0F23D09E7300012FBB /* opml-lib.h */; };
		54BFFC1223D09E7300012FBB /* opml-lib.m in Sources */ = {isa = PBXBuildFile; fileRef = 54BFFC1023D09E7300012FBB /* opml-lib.m */; };
/* End PBXBuildFile section */

/* Begin PBXFileReference section */
		540A649822EE78B200470937 /* QLOPML.qlgenerator */ = {isa = PBXFileReference; explicitFileType = wrapper.cfbundle; includeInIndex = 0; path = QLOPML.qlgenerator; sourceTree = BUILT_PRODUCTS_DIR; };
		540A649B22EE78B200470937 /* GenerateThumbnailForURL.c */ = {isa = PBXFileReference; lastKnownFileType = sourcecode.c.c; path = GenerateThumbnailForURL.c; sourceTree = "<group>"; };
		540A649D22EE78B200470937 /* GeneratePreviewForURL.c */ = {isa = PBXFileReference; lastKnownFileType = sourcecode.c.c; path = GeneratePreviewForURL.c; sourceTree = "<group>"; };
		540A649F22EE78B200470937 /* main.c */ = {isa = PBXFileReference; lastKnownFileType = sourcecode.c.c; path = main.c; sourceTree = "<group>"; };
		540A64A122EE78B200470937 /* Info.plist */ = {isa = PBXFileReference; lastKnownFileType = text.plist.xml; path = Info.plist; sourceTree = "<group>"; };
		541EF8B122EEFB2300C415AA /* style.css */ = {isa = PBXFileReference; fileEncoding = 4; lastKnownFileType = text.css; path = style.css; sourceTree = "<group>"; };
		54BFFC0423D0988A00012FBB /* sample.opml */ = {isa = PBXFileReference; lastKnownFileType = file; path = sample.opml; sourceTree = SOURCE_ROOT; };
		54BFFC0F23D09E7300012FBB /* opml-lib.h */ = {isa = PBXFileReference; lastKnownFileType = sourcecode.c.h; path = "opml-lib.h"; sourceTree = "<group>"; };
		54BFFC1023D09E7300012FBB /* opml-lib.m */ = {isa = PBXFileReference; lastKnownFileType = sourcecode.c.objc; path = "opml-lib.m"; sourceTree = "<group>"; };
		54FB05D22305C8F400A088AD /* QLOPML.entitlements */ = {isa = PBXFileReference; lastKnownFileType = text.plist.entitlements; path = QLOPML.entitlements; sourceTree = "<group>"; };
/* End PBXFileReference section */

/* Begin PBXFrameworksBuildPhase section */
		540A649522EE78B200470937 /* Frameworks */ = {
			isa = PBXFrameworksBuildPhase;
			buildActionMask = 2147483647;
			files = (
			);
			runOnlyForDeploymentPostprocessing = 0;
		};
/* End PBXFrameworksBuildPhase section */

/* Begin PBXGroup section */
		540A648E22EE78B200470937 = {
			isa = PBXGroup;
			children = (
				540A649A22EE78B200470937 /* QLOPML */,
				540A649922EE78B200470937 /* Products */,
			);
			sourceTree = "<group>";
		};
		540A649922EE78B200470937 /* Products */ = {
			isa = PBXGroup;
			children = (
				540A649822EE78B200470937 /* QLOPML.qlgenerator */,
			);
			name = Products;
			sourceTree = "<group>";
		};
		540A649A22EE78B200470937 /* QLOPML */ = {
			isa = PBXGroup;
			children = (
				54FB05D22305C8F400A088AD /* QLOPML.entitlements */,
				54BFFC0F23D09E7300012FBB /* opml-lib.h */,
				54BFFC1023D09E7300012FBB /* opml-lib.m */,
				540A649B22EE78B200470937 /* GenerateThumbnailForURL.c */,
				540A649D22EE78B200470937 /* GeneratePreviewForURL.c */,
				540A649F22EE78B200470937 /* main.c */,
				540A64A122EE78B200470937 /* Info.plist */,
				541EF8B122EEFB2300C415AA /* style.css */,
				54BFFC0423D0988A00012FBB /* sample.opml */,
			);
			path = QLOPML;
			sourceTree = "<group>";
		};
/* End PBXGroup section */

/* Begin PBXHeadersBuildPhase section */
		540A649322EE78B200470937 /* Headers */ = {
			isa = PBXHeadersBuildPhase;
			buildActionMask = 2147483647;
			files = (
				54BFFC1123D09E7300012FBB /* opml-lib.h in Headers */,
			);
			runOnlyForDeploymentPostprocessing = 0;
		};
/* End PBXHeadersBuildPhase section */

/* Begin PBXNativeTarget section */
		540A649722EE78B200470937 /* QLOPML */ = {
			isa = PBXNativeTarget;
			buildConfigurationList = 540A64A422EE78B200470937 /* Build configuration list for PBXNativeTarget "QLOPML" */;
			buildPhases = (
				540A649322EE78B200470937 /* Headers */,
				540A649422EE78B200470937 /* Sources */,
				540A649522EE78B200470937 /* Frameworks */,
				540A649622EE78B200470937 /* Resources */,
			);
			buildRules = (
			);
			dependencies = (
			);
			name = QLOPML;
			productName = QLOPML;
			productReference = 540A649822EE78B200470937 /* QLOPML.qlgenerator */;
			productType = "com.apple.product-type.bundle";
		};
/* End PBXNativeTarget section */

/* Begin PBXProject section */
		540A648F22EE78B200470937 /* Project object */ = {
			isa = PBXProject;
			attributes = {
				LastUpgradeCheck = 1000;
				ORGANIZATIONNAME = relikd;
				TargetAttributes = {
					540A649722EE78B200470937 = {
						CreatedOnToolsVersion = 10.0;
						SystemCapabilities = {
							com.apple.HardenedRuntime = {
								enabled = 1;
							};
							com.apple.Sandbox = {
								enabled = 1;
							};
						};
					};
				};
			};
			buildConfigurationList = 540A649222EE78B200470937 /* Build configuration list for PBXProject "QLOPML" */;
			compatibilityVersion = "Xcode 9.3";
			developmentRegion = en;
			hasScannedForEncodings = 0;
			knownRegions = (
				en,
			);
			mainGroup = 540A648E22EE78B200470937;
			productRefGroup = 540A649922EE78B200470937 /* Products */;
			projectDirPath = "";
			projectRoot = "";
			targets = (
				540A649722EE78B200470937 /* QLOPML */,
			);
		};
/* End PBXProject section */

/* Begin PBXResourcesBuildPhase section */
		540A649622EE78B200470937 /* Resources */ = {
			isa = PBXResourcesBuildPhase;
			buildActionMask = 2147483647;
			files = (
				541EF8B322EEFBEA00C415AA /* style.css in Resources */,
			);
			runOnlyForDeploymentPostprocessing = 0;
		};
/* End PBXResourcesBuildPhase section */

/* Begin PBXSourcesBuildPhase section */
		540A649422EE78B200470937 /* Sources */ = {
			isa = PBXSourcesBuildPhase;
			buildActionMask = 2147483647;
			files = (
				540A649C22EE78B200470937 /* GenerateThumbnailForURL.c in Sources */,
				54BFFC1223D09E7300012FBB /* opml-lib.m in Sources */,
				540A649E22EE78B200470937 /* GeneratePreviewForURL.c in Sources */,
				540A64A022EE78B200470937 /* main.c in Sources */,
			);
			runOnlyForDeploymentPostprocessing = 0;
		};
/* End PBXSourcesBuildPhase section */

/* Begin XCBuildConfiguration section */
		540A64A222EE78B200470937 /* Debug */ = {
			isa = XCBuildConfiguration;
			buildSettings = {
				ALWAYS_SEARCH_USER_PATHS = NO;
				CLANG_ANALYZER_NONNULL = YES;
				CLANG_ANALYZER_NUMBER_OBJECT_CONVERSION = YES_AGGRESSIVE;
				CLANG_CXX_LANGUAGE_STANDARD = "gnu++14";
				CLANG_CXX_LIBRARY = "libc++";
				CLANG_ENABLE_MODULES = YES;
				CLANG_ENABLE_OBJC_ARC = YES;
				CLANG_ENABLE_OBJC_WEAK = YES;
				CLANG_WARN_BLOCK_CAPTURE_AUTORELEASING = YES;
				CLANG_WARN_BOOL_CONVERSION = YES;
				CLANG_WARN_COMMA = YES;
				CLANG_WARN_CONSTANT_CONVERSION = YES;
				CLANG_WARN_DEPRECATED_OBJC_IMPLEMENTATIONS = YES;
				CLANG_WARN_DIRECT_OBJC_ISA_USAGE = YES_ERROR;
				CLANG_WARN_DOCUMENTATION_COMMENTS = YES;
				CLANG_WARN_EMPTY_BODY = YES;
				CLANG_WARN_ENUM_CONVERSION = YES;
				CLANG_WARN_INFINITE_RECURSION = YES;
				CLANG_WARN_INT_CONVERSION = YES;
				CLANG_WARN_NON_LITERAL_NULL_CONVERSION = YES;
				CLANG_WARN_OBJC_IMPLICIT_RETAIN_SELF = YES;
				CLANG_WARN_OBJC_LITERAL_CONVERSION = YES;
				CLANG_WARN_OBJC_ROOT_CLASS = YES_ERROR;
				CLANG_WARN_RANGE_LOOP_ANALYSIS = YES;
				CLANG_WARN_STRICT_PROTOTYPES = YES;
				CLANG_WARN_SUSPICIOUS_MOVE = YES;
				CLANG_WARN_UNGUARDED_AVAILABILITY = YES_AGGRESSIVE;
				CLANG_WARN_UNREACHABLE_CODE = YES;
				CLANG_WARN__DUPLICATE_METHOD_MATCH = YES;
				CODE_SIGN_ENTITLEMENTS = QLOPML/QLOPML.entitlements;
				CODE_SIGN_IDENTITY = "Mac Developer";
				CODE_SIGN_STYLE = Automatic;
				COPY_PHASE_STRIP = NO;
				DEBUG_INFORMATION_FORMAT = dwarf;
				DEVELOPMENT_TEAM = UY657LKNHJ;
				ENABLE_HARDENED_RUNTIME = YES;
				ENABLE_STRICT_OBJC_MSGSEND = YES;
				ENABLE_TESTABILITY = YES;
				GCC_C_LANGUAGE_STANDARD = gnu11;
				GCC_DYNAMIC_NO_PIC = NO;
				GCC_NO_COMMON_BLOCKS = YES;
				GCC_OPTIMIZATION_LEVEL = 0;
				GCC_PREPROCESSOR_DEFINITIONS = (
					"DEBUG=1",
					"$(inherited)",
				);
				GCC_WARN_64_TO_32_BIT_CONVERSION = YES;
				GCC_WARN_ABOUT_RETURN_TYPE = YES_ERROR;
				GCC_WARN_UNDECLARED_SELECTOR = YES;
				GCC_WARN_UNINITIALIZED_AUTOS = YES_AGGRESSIVE;
				GCC_WARN_UNUSED_FUNCTION = YES;
				GCC_WARN_UNUSED_VARIABLE = YES;
				MACOSX_DEPLOYMENT_TARGET = 10.7;
				MTL_ENABLE_DEBUG_INFO = INCLUDE_SOURCE;
				MTL_FAST_MATH = YES;
				ONLY_ACTIVE_ARCH = YES;
				SDKROOT = macosx;
			};
			name = Debug;
		};
		540A64A322EE78B200470937 /* Release */ = {
			isa = XCBuildConfiguration;
			buildSettings = {
				ALWAYS_SEARCH_USER_PATHS = NO;
				CLANG_ANALYZER_NONNULL = YES;
				CLANG_ANALYZER_NUMBER_OBJECT_CONVERSION = YES_AGGRESSIVE;
				CLANG_CXX_LANGUAGE_STANDARD = "gnu++14";
				CLANG_CXX_LIBRARY = "libc++";
				CLANG_ENABLE_MODULES = YES;
				CLANG_ENABLE_OBJC_ARC = YES;
				CLANG_ENABLE_OBJC_WEAK = YES;
				CLANG_WARN_BLOCK_CAPTURE_AUTORELEASING = YES;
				CLANG_WARN_BOOL_CONVERSION = YES;
				CLANG_WARN_COMMA = YES;
				CLANG_WARN_CONSTANT_CONVERSION = YES;
				CLANG_WARN_DEPRECATED_OBJC_IMPLEMENTATIONS = YES;
				CLANG_WARN_DIRECT_OBJC_ISA_USAGE = YES_ERROR;
				CLANG_WARN_DOCUMENTATION_COMMENTS = YES;
				CLANG_WARN_EMPTY_BODY = YES;
				CLANG_WARN_ENUM_CONVERSION = YES;
				CLANG_WARN_INFINITE_RECURSION = YES;
				CLANG_WARN_INT_CONVERSION = YES;
				CLANG_WARN_NON_LITERAL_NULL_CONVERSION = YES;
				CLANG_WARN_OBJC_IMPLICIT_RETAIN_SELF = YES;
				CLANG_WARN_OBJC_LITERAL_CONVERSION = YES;
				CLANG_WARN_OBJC_ROOT_CLASS = YES_ERROR;
				CLANG_WARN_RANGE_LOOP_ANALYSIS = YES;
				CLANG_WARN_STRICT_PROTOTYPES = YES;
				CLANG_WARN_SUSPICIOUS_MOVE = YES;
				CLANG_WARN_UNGUARDED_AVAILABILITY = YES_AGGRESSIVE;
				CLANG_WARN_UNREACHABLE_CODE = YES;
				CLANG_WARN__DUPLICATE_METHOD_MATCH = YES;
				CODE_SIGN_ENTITLEMENTS = QLOPML/QLOPML.entitlements;
				CODE_SIGN_IDENTITY = "Mac Developer";
				CODE_SIGN_STYLE = Automatic;
				COPY_PHASE_STRIP = NO;
				DEBUG_INFORMATION_FORMAT = "dwarf-with-dsym";
				DEVELOPMENT_TEAM = UY657LKNHJ;
				ENABLE_HARDENED_RUNTIME = YES;
				ENABLE_NS_ASSERTIONS = NO;
				ENABLE_STRICT_OBJC_MSGSEND = YES;
				GCC_C_LANGUAGE_STANDARD = gnu11;
				GCC_NO_COMMON_BLOCKS = YES;
				GCC_WARN_64_TO_32_BIT_CONVERSION = YES;
				GCC_WARN_ABOUT_RETURN_TYPE = YES_ERROR;
				GCC_WARN_UNDECLARED_SELECTOR = YES;
				GCC_WARN_UNINITIALIZED_AUTOS = YES_AGGRESSIVE;
				GCC_WARN_UNUSED_FUNCTION = YES;
				GCC_WARN_UNUSED_VARIABLE = YES;
				MACOSX_DEPLOYMENT_TARGET = 10.7;
				MTL_ENABLE_DEBUG_INFO = NO;
				MTL_FAST_MATH = YES;
				SDKROOT = macosx;
			};
			name = Release;
		};
		540A64A522EE78B200470937 /* Debug */ = {
			isa = XCBuildConfiguration;
			buildSettings = {
				INFOPLIST_FILE = QLOPML/Info.plist;
				PRODUCT_BUNDLE_IDENTIFIER = de.relikd.QLOPML;
				PRODUCT_NAME = "$(TARGET_NAME)";
				WRAPPER_EXTENSION = qlgenerator;
			};
			name = Debug;
		};
		540A64A622EE78B200470937 /* Release */ = {
			isa = XCBuildConfiguration;
			buildSettings = {
				INFOPLIST_FILE = QLOPML/Info.plist;
				PRODUCT_BUNDLE_IDENTIFIER = de.relikd.QLOPML;
				PRODUCT_NAME = "$(TARGET_NAME)";
				WRAPPER_EXTENSION = qlgenerator;
			};
			name = Release;
		};
/* End XCBuildConfiguration section */

/* Begin XCConfigurationList section */
		540A649222EE78B200470937 /* Build configuration list for PBXProject "QLOPML" */ = {
			isa = XCConfigurationList;
			buildConfigurations = (
				540A64A222EE78B200470937 /* Debug */,
				540A64A322EE78B200470937 /* Release */,
			);
			defaultConfigurationIsVisible = 0;
			defaultConfigurationName = Release;
		};
		540A64A422EE78B200470937 /* Build configuration list for PBXNativeTarget "QLOPML" */ = {
			isa = XCConfigurationList;
			buildConfigurations = (
				540A64A522EE78B200470937 /* Debug */,
				540A64A622EE78B200470937 /* Release */,
			);
			defaultConfigurationIsVisible = 0;
			defaultConfigurationName = Release;
		};
/* End XCConfigurationList section */
	};
	rootObject = 540A648F22EE78B200470937 /* Project object */;
}
